
Microsoft Visual Studio Solution File, Format Version 12.00
Project("{FAE04EC0-301F-11D3-BF4B-00C04F79EFBC}") = "API", "API\API.csproj", "{10BEBEFF-DA81-453D-9F18-B499EA64A92D}"
EndProject
Project("{FAE04EC0-301F-11D3-BF4B-00C04F79EFBC}") = "Application", "Application\Application.csproj", "{C51F1337-4579-4B91-B372-967CB62FBFDA}"
EndProject
Project("{FAE04EC0-301F-11D3-BF4B-00C04F79EFBC}") = "Domain", "Domain\Domain.csproj", "{C7459E56-EC2F-47C8-AFE0-27B9D287FF7C}"
EndProject
Project("{FAE04EC0-301F-11D3-BF4B-00C04F79EFBC}") = "Infrastructure", "Infrastructure\Infrastructure.csproj", "{854DF0D3-81DE-474C-AEC0-881834D9BB6A}"
EndProject
Project("{FAE04EC0-301F-11D3-BF4B-00C04F79EFBC}") = "BoxFactoryTest", "BoxFactoryTest\BoxFactoryTest.csproj", "{5B34A615-BADB-4DD9-80BD-D8D774C64613}"
EndProject
Global
	GlobalSection(SolutionConfigurationPlatforms) = preSolution
		Debug|Any CPU = Debug|Any CPU
		Release|Any CPU = Release|Any CPU
	EndGlobalSection
	GlobalSection(ProjectConfigurationPlatforms) = postSolution
		{10BEBEFF-DA81-453D-9F18-B499EA64A92D}.Debug|Any CPU.ActiveCfg = Debug|Any CPU
		{10BEBEFF-DA81-453D-9F18-B499EA64A92D}.Debug|Any CPU.Build.0 = Debug|Any CPU
		{10BEBEFF-DA81-453D-9F18-B499EA64A92D}.Release|Any CPU.ActiveCfg = Release|Any CPU
		{10BEBEFF-DA81-453D-9F18-B499EA64A92D}.Release|Any CPU.Build.0 = Release|Any CPU
		{C51F1337-4579-4B91-B372-967CB62FBFDA}.Debug|Any CPU.ActiveCfg = Debug|Any CPU
		{C51F1337-4579-4B91-B372-967CB62FBFDA}.Debug|Any CPU.Build.0 = Debug|Any CPU
		{C51F1337-4579-4B91-B372-967CB62FBFDA}.Release|Any CPU.ActiveCfg = Release|Any CPU
		{C51F1337-4579-4B91-B372-967CB62FBFDA}.Release|Any CPU.Build.0 = Release|Any CPU
		{C7459E56-EC2F-47C8-AFE0-27B9D287FF7C}.Debug|Any CPU.ActiveCfg = Debug|Any CPU
		{C7459E56-EC2F-47C8-AFE0-27B9D287FF7C}.Debug|Any CPU.Build.0 = Debug|Any CPU
		{C7459E56-EC2F-47C8-AFE0-27B9D287FF7C}.Release|Any CPU.ActiveCfg = Release|Any CPU
		{C7459E56-EC2F-47C8-AFE0-27B9D287FF7C}.Release|Any CPU.Build.0 = Release|Any CPU
		{854DF0D3-81DE-474C-AEC0-881834D9BB6A}.Debug|Any CPU.ActiveCfg = Debug|Any CPU
		{854DF0D3-81DE-474C-AEC0-881834D9BB6A}.Debug|Any CPU.Build.0 = Debug|Any CPU
		{854DF0D3-81DE-474C-AEC0-881834D9BB6A}.Release|Any CPU.ActiveCfg = Release|Any CPU
		{854DF0D3-81DE-474C-AEC0-881834D9BB6A}.Release|Any CPU.Build.0 = Release|Any CPU
		{5B34A615-BADB-4DD9-80BD-D8D774C64613}.Debug|Any CPU.ActiveCfg = Debug|Any CPU
		{5B34A615-BADB-4DD9-80BD-D8D774C64613}.Debug|Any CPU.Build.0 = Debug|Any CPU
		{5B34A615-BADB-4DD9-80BD-D8D774C64613}.Release|Any CPU.ActiveCfg = Release|Any CPU
		{5B34A615-BADB-4DD9-80BD-D8D774C64613}.Release|Any CPU.Build.0 = Release|Any CPU
	EndGlobalSection
EndGlobal
